
Microsoft Visual Studio Solution File, Format Version 12.00
# Visual Studio Version 17
VisualStudioVersion = 17.9.34616.47
MinimumVisualStudioVersion = 10.0.40219.1
Project("{FAE04EC0-301F-11D3-BF4B-00C04F79EFBC}") = "my quincena", "my quincena\my quincena.csproj", "{B21DE710-7C78-486E-BF63-FC983B4C0919}"
EndProject
Global
	GlobalSection(SolutionConfigurationPlatforms) = preSolution
		Debug|Any CPU = Debug|Any CPU
		Release|Any CPU = Release|Any CPU
	EndGlobalSection
	GlobalSection(ProjectConfigurationPlatforms) = postSolution
		{B21DE710-7C78-486E-BF63-FC983B4C0919}.Debug|Any CPU.ActiveCfg = Debug|Any CPU
		{B21DE710-7C78-486E-BF63-FC983B4C0919}.Debug|Any CPU.Build.0 = Debug|Any CPU
		{B21DE710-7C78-486E-BF63-FC983B4C0919}.Release|Any CPU.ActiveCfg = Release|Any CPU
		{B21DE710-7C78-486E-BF63-FC983B4C0919}.Release|Any CPU.Build.0 = Release|Any CPU
	EndGlobalSection
	GlobalSection(SolutionProperties) = preSolution
		HideSolutionNode = FALSE
	EndGlobalSection
	GlobalSection(ExtensibilityGlobals) = postSolution
		SolutionGuid = {C9C96106-CD08-467B-A462-C0E5679E85C1}
	EndGlobalSection
EndGlobal
